
Microsoft Visual Studio Solution File, Format Version 12.00
# Visual Studio Version 17
VisualStudioVersion = 17.3.32929.385
MinimumVisualStudioVersion = 10.0.40219.1
Project("{9A19103F-16F7-4668-BE54-9A1E7A4F7556}") = "AvukatProjectCore", "AvukatProject\AvukatProjectCore.csproj", "{EFD9A625-15E3-4338-A4B4-9792125D8FE2}"
EndProject
Project("{9A19103F-16F7-4668-BE54-9A1E7A4F7556}") = "AvukatProjectRepository", "AvukatProjectRepository\AvukatProjectRepository.csproj", "{FFCC49FF-3656-4ED0-84DD-741CCE848F29}"
EndProject
Project("{9A19103F-16F7-4668-BE54-9A1E7A4F7556}") = "AvukatProjectService", "AvukatProjectService\AvukatProjectService.csproj", "{F699D279-E066-4D09-8AFD-C5C796D9018C}"
EndProject
Project("{9A19103F-16F7-4668-BE54-9A1E7A4F7556}") = "AvukatProject.API", "AvukatProject.API\AvukatProject.API.csproj", "{667F8A5A-CE00-4C2F-AD5E-10A6956194DD}"
EndProject
Project("{9A19103F-16F7-4668-BE54-9A1E7A4F7556}") = "AvukatProjectCaching", "AvukatProjectCaching\AvukatProjectCaching.csproj", "{37FC94E9-8AD4-4343-A4C9-408058E017B9}"
EndProject
Global
	GlobalSection(SolutionConfigurationPlatforms) = preSolution
		Debug|Any CPU = Debug|Any CPU
		Release|Any CPU = Release|Any CPU
	EndGlobalSection
	GlobalSection(ProjectConfigurationPlatforms) = postSolution
		{EFD9A625-15E3-4338-A4B4-9792125D8FE2}.Debug|Any CPU.ActiveCfg = Debug|Any CPU
		{EFD9A625-15E3-4338-A4B4-9792125D8FE2}.Debug|Any CPU.Build.0 = Debug|Any CPU
		{EFD9A625-15E3-4338-A4B4-9792125D8FE2}.Release|Any CPU.ActiveCfg = Release|Any CPU
		{EFD9A625-15E3-4338-A4B4-9792125D8FE2}.Release|Any CPU.Build.0 = Release|Any CPU
		{FFCC49FF-3656-4ED0-84DD-741CCE848F29}.Debug|Any CPU.ActiveCfg = Debug|Any CPU
		{FFCC49FF-3656-4ED0-84DD-741CCE848F29}.Debug|Any CPU.Build.0 = Debug|Any CPU
		{FFCC49FF-3656-4ED0-84DD-741CCE848F29}.Release|Any CPU.ActiveCfg = Release|Any CPU
		{FFCC49FF-3656-4ED0-84DD-741CCE848F29}.Release|Any CPU.Build.0 = Release|Any CPU
		{F699D279-E066-4D09-8AFD-C5C796D9018C}.Debug|Any CPU.ActiveCfg = Debug|Any CPU
		{F699D279-E066-4D09-8AFD-C5C796D9018C}.Debug|Any CPU.Build.0 = Debug|Any CPU
		{F699D279-E066-4D09-8AFD-C5C796D9018C}.Release|Any CPU.ActiveCfg = Release|Any CPU
		{F699D279-E066-4D09-8AFD-C5C796D9018C}.Release|Any CPU.Build.0 = Release|Any CPU
		{667F8A5A-CE00-4C2F-AD5E-10A6956194DD}.Debug|Any CPU.ActiveCfg = Debug|Any CPU
		{667F8A5A-CE00-4C2F-AD5E-10A6956194DD}.Debug|Any CPU.Build.0 = Debug|Any CPU
		{667F8A5A-CE00-4C2F-AD5E-10A6956194DD}.Release|Any CPU.ActiveCfg = Release|Any CPU
		{667F8A5A-CE00-4C2F-AD5E-10A6956194DD}.Release|Any CPU.Build.0 = Release|Any CPU
		{37FC94E9-8AD4-4343-A4C9-408058E017B9}.Debug|Any CPU.ActiveCfg = Debug|Any CPU
		{37FC94E9-8AD4-4343-A4C9-408058E017B9}.Debug|Any CPU.Build.0 = Debug|Any CPU
		{37FC94E9-8AD4-4343-A4C9-408058E017B9}.Release|Any CPU.ActiveCfg = Release|Any CPU
		{37FC94E9-8AD4-4343-A4C9-408058E017B9}.Release|Any CPU.Build.0 = Release|Any CPU
	EndGlobalSection
	GlobalSection(SolutionProperties) = preSolution
		HideSolutionNode = FALSE
	EndGlobalSection
	GlobalSection(ExtensibilityGlobals) = postSolution
		SolutionGuid = {7302A5C1-C584-488F-BEFF-2029C8E9F845}
	EndGlobalSection
EndGlobal
